
Microsoft Visual Studio Solution File, Format Version 12.00
Project("{FAE04EC0-301F-11D3-BF4B-00C04F79EFBC}") = "NanoSurvey", "NanoSurvey\NanoSurvey.csproj", "{D00AA0CB-8758-431A-99E5-3EF4DAD37951}"
EndProject
Global
	GlobalSection(SolutionConfigurationPlatforms) = preSolution
		Debug|Any CPU = Debug|Any CPU
		Release|Any CPU = Release|Any CPU
	EndGlobalSection
	GlobalSection(ProjectConfigurationPlatforms) = postSolution
		{D00AA0CB-8758-431A-99E5-3EF4DAD37951}.Debug|Any CPU.ActiveCfg = Debug|Any CPU
		{D00AA0CB-8758-431A-99E5-3EF4DAD37951}.Debug|Any CPU.Build.0 = Debug|Any CPU
		{D00AA0CB-8758-431A-99E5-3EF4DAD37951}.Release|Any CPU.ActiveCfg = Release|Any CPU
		{D00AA0CB-8758-431A-99E5-3EF4DAD37951}.Release|Any CPU.Build.0 = Release|Any CPU
	EndGlobalSection
EndGlobal
